
Microsoft Visual Studio Solution File, Format Version 12.00
# Visual Studio Version 16
VisualStudioVersion = 16.0.808.6
MinimumVisualStudioVersion = 10.0.40219.1
Project("{FAE04EC0-301F-11D3-BF4B-00C04F79EFBC}") = "testapp1.Android", "testapp1.Android\testapp1.Android.csproj", "{F250B418-0525-4416-8F23-5A744BFE8713}"
EndProject
Project("{FAE04EC0-301F-11D3-BF4B-00C04F79EFBC}") = "testapp1.iOS", "testapp1.iOS\testapp1.iOS.csproj", "{BAE72D11-96F3-4895-93D4-000B3B57157E}"
EndProject
Project("{FAE04EC0-301F-11D3-BF4B-00C04F79EFBC}") = "testapp1", "testapp1\testapp1.csproj", "{7C08F51B-9B61-477D-BFB3-3EEA912BA191}"
EndProject
Global
	GlobalSection(SolutionConfigurationPlatforms) = preSolution
		Debug|Any CPU = Debug|Any CPU
		Release|Any CPU = Release|Any CPU
		Debug|iPhoneSimulator = Debug|iPhoneSimulator
		Release|iPhoneSimulator = Release|iPhoneSimulator
		Debug|iPhone = Debug|iPhone
		Release|iPhone = Release|iPhone
	EndGlobalSection
	GlobalSection(ProjectConfigurationPlatforms) = postSolution
		{F250B418-0525-4416-8F23-5A744BFE8713}.Debug|Any CPU.ActiveCfg = Debug|Any CPU
		{F250B418-0525-4416-8F23-5A744BFE8713}.Debug|Any CPU.Build.0 = Debug|Any CPU
		{F250B418-0525-4416-8F23-5A744BFE8713}.Release|Any CPU.ActiveCfg = Release|Any CPU
		{F250B418-0525-4416-8F23-5A744BFE8713}.Release|Any CPU.Build.0 = Release|Any CPU
		{F250B418-0525-4416-8F23-5A744BFE8713}.Debug|iPhoneSimulator.ActiveCfg = Debug|Any CPU
		{F250B418-0525-4416-8F23-5A744BFE8713}.Debug|iPhoneSimulator.Build.0 = Debug|Any CPU
		{F250B418-0525-4416-8F23-5A744BFE8713}.Release|iPhoneSimulator.ActiveCfg = Release|Any CPU
		{F250B418-0525-4416-8F23-5A744BFE8713}.Release|iPhoneSimulator.Build.0 = Release|Any CPU
		{F250B418-0525-4416-8F23-5A744BFE8713}.Debug|iPhone.ActiveCfg = Debug|Any CPU
		{F250B418-0525-4416-8F23-5A744BFE8713}.Debug|iPhone.Build.0 = Debug|Any CPU
		{F250B418-0525-4416-8F23-5A744BFE8713}.Release|iPhone.ActiveCfg = Release|Any CPU
		{F250B418-0525-4416-8F23-5A744BFE8713}.Release|iPhone.Build.0 = Release|Any CPU
		{BAE72D11-96F3-4895-93D4-000B3B57157E}.Debug|Any CPU.ActiveCfg = Debug|iPhoneSimulator
		{BAE72D11-96F3-4895-93D4-000B3B57157E}.Debug|Any CPU.Build.0 = Debug|iPhoneSimulator
		{BAE72D11-96F3-4895-93D4-000B3B57157E}.Release|Any CPU.ActiveCfg = Release|iPhoneSimulator
		{BAE72D11-96F3-4895-93D4-000B3B57157E}.Release|Any CPU.Build.0 = Release|iPhoneSimulator
		{BAE72D11-96F3-4895-93D4-000B3B57157E}.Debug|iPhoneSimulator.ActiveCfg = Debug|iPhoneSimulator
		{BAE72D11-96F3-4895-93D4-000B3B57157E}.Debug|iPhoneSimulator.Build.0 = Debug|iPhoneSimulator
		{BAE72D11-96F3-4895-93D4-000B3B57157E}.Release|iPhoneSimulator.ActiveCfg = Release|iPhoneSimulator
		{BAE72D11-96F3-4895-93D4-000B3B57157E}.Release|iPhoneSimulator.Build.0 = Release|iPhoneSimulator
		{BAE72D11-96F3-4895-93D4-000B3B57157E}.Debug|iPhone.ActiveCfg = Debug|iPhone
		{BAE72D11-96F3-4895-93D4-000B3B57157E}.Debug|iPhone.Build.0 = Debug|iPhone
		{BAE72D11-96F3-4895-93D4-000B3B57157E}.Release|iPhone.ActiveCfg = Release|iPhone
		{BAE72D11-96F3-4895-93D4-000B3B57157E}.Release|iPhone.Build.0 = Release|iPhone
		{7C08F51B-9B61-477D-BFB3-3EEA912BA191}.Debug|Any CPU.ActiveCfg = Debug|Any CPU
		{7C08F51B-9B61-477D-BFB3-3EEA912BA191}.Debug|Any CPU.Build.0 = Debug|Any CPU
		{7C08F51B-9B61-477D-BFB3-3EEA912BA191}.Release|Any CPU.ActiveCfg = Release|Any CPU
		{7C08F51B-9B61-477D-BFB3-3EEA912BA191}.Release|Any CPU.Build.0 = Release|Any CPU
		{7C08F51B-9B61-477D-BFB3-3EEA912BA191}.Debug|iPhoneSimulator.ActiveCfg = Debug|Any CPU
		{7C08F51B-9B61-477D-BFB3-3EEA912BA191}.Debug|iPhoneSimulator.Build.0 = Debug|Any CPU
		{7C08F51B-9B61-477D-BFB3-3EEA912BA191}.Release|iPhoneSimulator.ActiveCfg = Release|Any CPU
		{7C08F51B-9B61-477D-BFB3-3EEA912BA191}.Release|iPhoneSimulator.Build.0 = Release|Any CPU
		{7C08F51B-9B61-477D-BFB3-3EEA912BA191}.Debug|iPhone.ActiveCfg = Debug|Any CPU
		{7C08F51B-9B61-477D-BFB3-3EEA912BA191}.Debug|iPhone.Build.0 = Debug|Any CPU
		{7C08F51B-9B61-477D-BFB3-3EEA912BA191}.Release|iPhone.ActiveCfg = Release|Any CPU
		{7C08F51B-9B61-477D-BFB3-3EEA912BA191}.Release|iPhone.Build.0 = Release|Any CPU
	EndGlobalSection
	GlobalSection(SolutionProperties) = preSolution
		HideSolutionNode = FALSE
	EndGlobalSection
	GlobalSection(ExtensibilityGlobals) = postSolution
		SolutionGuid = {F76BF104-5D76-43F8-B9B2-549C23D7755B}
	EndGlobalSection
EndGlobal
